
Microsoft Visual Studio Solution File, Format Version 12.00
# Visual Studio Version 17
VisualStudioVersion = 17.14.36804.6
MinimumVisualStudioVersion = 10.0.40219.1
Project("{2150E333-8FDC-42A3-9474-1A3956D46DE8}") = "src", "src", "{02EA681E-C7D8-13C7-8484-4AC65E1B71E8}"
EndProject
Project("{2150E333-8FDC-42A3-9474-1A3956D46DE8}") = "test", "test", "{7F9CCB49-5026-49F5-9320-5E6E0C3F78F5}"
EndProject
Project("{FAE04EC0-301F-11D3-BF4B-00C04F79EFBC}") = "HR_Managment.Domain", "HR_Managment.Domain\HR_Managment.Domain.csproj", "{F05218FF-4B05-4C15-9CFD-B57BF8194C84}"
EndProject
Project("{2150E333-8FDC-42A3-9474-1A3956D46DE8}") = "API", "API", "{5C4457D5-2709-4541-9E7B-4335FE511BF6}"
EndProject
Project("{2150E333-8FDC-42A3-9474-1A3956D46DE8}") = "Core", "Core", "{777F8163-7672-478D-A946-1242B014AB7B}"
EndProject
Project("{2150E333-8FDC-42A3-9474-1A3956D46DE8}") = "Infrastructure", "Infrastructure", "{B9BD2D8E-7AF4-486F-B77B-C6B0AE453ABE}"
EndProject
Project("{2150E333-8FDC-42A3-9474-1A3956D46DE8}") = "UI", "UI", "{B8013D3F-1119-4828-B4DD-1F5BF69C7267}"
EndProject
Global
	GlobalSection(SolutionConfigurationPlatforms) = preSolution
		Debug|Any CPU = Debug|Any CPU
		Release|Any CPU = Release|Any CPU
	EndGlobalSection
	GlobalSection(ProjectConfigurationPlatforms) = postSolution
		{F05218FF-4B05-4C15-9CFD-B57BF8194C84}.Debug|Any CPU.ActiveCfg = Debug|Any CPU
		{F05218FF-4B05-4C15-9CFD-B57BF8194C84}.Debug|Any CPU.Build.0 = Debug|Any CPU
		{F05218FF-4B05-4C15-9CFD-B57BF8194C84}.Release|Any CPU.ActiveCfg = Release|Any CPU
		{F05218FF-4B05-4C15-9CFD-B57BF8194C84}.Release|Any CPU.Build.0 = Release|Any CPU
	EndGlobalSection
	GlobalSection(SolutionProperties) = preSolution
		HideSolutionNode = FALSE
	EndGlobalSection
	GlobalSection(NestedProjects) = preSolution
		{F05218FF-4B05-4C15-9CFD-B57BF8194C84} = {777F8163-7672-478D-A946-1242B014AB7B}
		{5C4457D5-2709-4541-9E7B-4335FE511BF6} = {02EA681E-C7D8-13C7-8484-4AC65E1B71E8}
		{777F8163-7672-478D-A946-1242B014AB7B} = {02EA681E-C7D8-13C7-8484-4AC65E1B71E8}
		{B9BD2D8E-7AF4-486F-B77B-C6B0AE453ABE} = {02EA681E-C7D8-13C7-8484-4AC65E1B71E8}
		{B8013D3F-1119-4828-B4DD-1F5BF69C7267} = {02EA681E-C7D8-13C7-8484-4AC65E1B71E8}
	EndGlobalSection
	GlobalSection(ExtensibilityGlobals) = postSolution
		SolutionGuid = {27EC1B86-451F-4EC0-97D0-0854F51765F0}
	EndGlobalSection
EndGlobal
